// !$*UTF8*$!
{
	archiveVersion = 1;
	classes = {
	};
	objectVersion = 46;
	objects = {

/* Begin PBXBuildFile section */
		903FFB9E1830BD3B005CBB66 /* Foundation.framework in Frameworks */ = {isa = PBXBuildFile; fileRef = 903FFB9D1830BD3B005CBB66 /* Foundation.framework */; };
		903FFBA01830BD3B005CBB66 /* CoreGraphics.framework in Frameworks */ = {isa = PBXBuildFile; fileRef = 903FFB9F1830BD3B005CBB66 /* CoreGraphics.framework */; };
		903FFBA21830BD3B005CBB66 /* UIKit.framework in Frameworks */ = {isa = PBXBuildFile; fileRef = 903FFBA11830BD3B005CBB66 /* UIKit.framework */; };
		903FFBA81830BD3B005CBB66 /* InfoPlist.strings in Resources */ = {isa = PBXBuildFile; fileRef = 903FFBA61830BD3B005CBB66 /* InfoPlist.strings */; };
		903FFBAA1830BD3B005CBB66 /* main.m in Sources */ = {isa = PBXBuildFile; fileRef = 903FFBA91830BD3B005CBB66 /* main.m */; };
		903FFBAE1830BD3B005CBB66 /* FBAppDelegate.m in Sources */ = {isa = PBXBuildFile; fileRef = 903FFBAD1830BD3B005CBB66 /* FBAppDelegate.m */; };
		903FFBB11830BD3B005CBB66 /* Main.storyboard in Resources */ = {isa = PBXBuildFile; fileRef = 903FFBAF1830BD3B005CBB66 /* Main.storyboard */; };
		903FFBB41830BD3B005CBB66 /* FBViewController.m in Sources */ = {isa = PBXBuildFile; fileRef = 903FFBB31830BD3B005CBB66 /* FBViewController.m */; };
		903FFBB61830BD3B005CBB66 /* Images.xcassets in Resources */ = {isa = PBXBuildFile; fileRef = 903FFBB51830BD3B005CBB66 /* Images.xcassets */; };
		903FFBBD1830BD3C005CBB66 /* XCTest.framework in Frameworks */ = {isa = PBXBuildFile; fileRef = 903FFBBC1830BD3C005CBB66 /* XCTest.framework */; };
		903FFBBE1830BD3C005CBB66 /* Foundation.framework in Frameworks */ = {isa = PBXBuildFile; fileRef = 903FFB9D1830BD3B005CBB66 /* Foundation.framework */; };
		903FFBBF1830BD3C005CBB66 /* UIKit.framework in Frameworks */ = {isa = PBXBuildFile; fileRef = 903FFBA11830BD3B005CBB66 /* UIKit.framework */; };
		903FFBC71830BD3C005CBB66 /* InfoPlist.strings in Resources */ = {isa = PBXBuildFile; fileRef = 903FFBC51830BD3C005CBB66 /* InfoPlist.strings */; };
		903FFBC91830BD3C005CBB66 /* FBGlowLabelDemoTests.m in Sources */ = {isa = PBXBuildFile; fileRef = 903FFBC81830BD3C005CBB66 /* FBGlowLabelDemoTests.m */; };
/* End PBXBuildFile section */

/* Begin PBXContainerItemProxy section */
		903FFBC01830BD3C005CBB66 /* PBXContainerItemProxy */ = {
			isa = PBXContainerItemProxy;
			containerPortal = 903FFB921830BD3B005CBB66 /* Project object */;
			proxyType = 1;
			remoteGlobalIDString = 903FFB991830BD3B005CBB66;
			remoteInfo = FBGlowLabelDemo;
		};
/* End PBXContainerItemProxy section */

/* Begin PBXFileReference section */
		903FFB9A1830BD3B005CBB66 /* FBGlowLabelDemo.app */ = {isa = PBXFileReference; explicitFileType = wrapper.application; includeInIndex = 0; path = FBGlowLabelDemo.app; sourceTree = BUILT_PRODUCTS_DIR; };
		903FFB9D1830BD3B005CBB66 /* Foundation.framework */ = {isa = PBXFileReference; lastKnownFileType = wrapper.framework; name = Foundation.framework; path = System/Library/Frameworks/Foundation.framework; sourceTree = SDKROOT; };
		903FFB9F1830BD3B005CBB66 /* CoreGraphics.framework */ = {isa = PBXFileReference; lastKnownFileType = wrapper.framework; name = CoreGraphics.framework; path = System/Library/Frameworks/CoreGraphics.framework; sourceTree = SDKROOT; };
		903FFBA11830BD3B005CBB66 /* UIKit.framework */ = {isa = PBXFileReference; lastKnownFileType = wrapper.framework; name = UIKit.framework; path = System/Library/Frameworks/UIKit.framework; sourceTree = SDKROOT; };
		903FFBA51830BD3B005CBB66 /* FBGlowLabelDemo-Info.plist */ = {isa = PBXFileReference; lastKnownFileType = text.plist.xml; path = "FBGlowLabelDemo-Info.plist"; sourceTree = "<group>"; };
		903FFBA71830BD3B005CBB66 /* en */ = {isa = PBXFileReference; lastKnownFileType = text.plist.strings; name = en; path = en.lproj/InfoPlist.strings; sourceTree = "<group>"; };
		903FFBA91830BD3B005CBB66 /* main.m */ = {isa = PBXFileReference; lastKnownFileType = sourcecode.c.objc; path = main.m; sourceTree = "<group>"; };
		903FFBAB1830BD3B005CBB66 /* FBGlowLabelDemo-Prefix.pch */ = {isa = PBXFileReference; lastKnownFileType = sourcecode.c.h; path = "FBGlowLabelDemo-Prefix.pch"; sourceTree = "<group>"; };
		903FFBAC1830BD3B005CBB66 /* FBAppDelegate.h */ = {isa = PBXFileReference; lastKnownFileType = sourcecode.c.h; path = FBAppDelegate.h; sourceTree = "<group>"; };
		903FFBAD1830BD3B005CBB66 /* FBAppDelegate.m */ = {isa = PBXFileReference; lastKnownFileType = sourcecode.c.objc; path = FBAppDelegate.m; sourceTree = "<group>"; };
		903FFBB01830BD3B005CBB66 /* Base */ = {isa = PBXFileReference; lastKnownFileType = file.storyboard; name = Base; path = Base.lproj/Main.storyboard; sourceTree = "<group>"; };
		903FFBB21830BD3B005CBB66 /* FBViewController.h */ = {isa = PBXFileReference; lastKnownFileType = sourcecode.c.h; path = FBViewController.h; sourceTree = "<group>"; };
		903FFBB31830BD3B005CBB66 /* FBViewController.m */ = {isa = PBXFileReference; lastKnownFileType = sourcecode.c.objc; path = FBViewController.m; sourceTree = "<group>"; };
		903FFBB51830BD3B005CBB66 /* Images.xcassets */ = {isa = PBXFileReference; lastKnownFileType = folder.assetcatalog; path = Images.xcassets; sourceTree = "<group>"; };
		903FFBBB1830BD3C005CBB66 /* FBGlowLabelDemoTests.xctest */ = {isa = PBXFileReference; explicitFileType = wrapper.cfbundle; includeInIndex = 0; path = FBGlowLabelDemoTests.xctest; sourceTree = BUILT_PRODUCTS_DIR; };
		903FFBBC1830BD3C005CBB66 /* XCTest.framework */ = {isa = PBXFileReference; lastKnownFileType = wrapper.framework; name = XCTest.framework; path = Library/Frameworks/XCTest.framework; sourceTree = DEVELOPER_DIR; };
		903FFBC41830BD3C005CBB66 /* FBGlowLabelDemoTests-Info.plist */ = {isa = PBXFileReference; lastKnownFileType = text.plist.xml; path = "FBGlowLabelDemoTests-Info.plist"; sourceTree = "<group>"; };
		903FFBC61830BD3C005CBB66 /* en */ = {isa = PBXFileReference; lastKnownFileType = text.plist.strings; name = en; path = en.lproj/InfoPlist.strings; sourceTree = "<group>"; };
		903FFBC81830BD3C005CBB66 /* FBGlowLabelDemoTests.m */ = {isa = PBXFileReference; lastKnownFileType = sourcecode.c.objc; path = FBGlowLabelDemoTests.m; sourceTree = "<group>"; };
/* End PBXFileReference section */

/* Begin PBXFrameworksBuildPhase section */
		903FFB971830BD3B005CBB66 /* Frameworks */ = {
			isa = PBXFrameworksBuildPhase;
			buildActionMask = 2147483647;
			files = (
				903FFBA01830BD3B005CBB66 /* CoreGraphics.framework in Frameworks */,
				903FFBA21830BD3B005CBB66 /* UIKit.framework in Frameworks */,
				903FFB9E1830BD3B005CBB66 /* Foundation.framework in Frameworks */,
			);
			runOnlyForDeploymentPostprocessing = 0;
		};
		903FFBB81830BD3C005CBB66 /* Frameworks */ = {
			isa = PBXFrameworksBuildPhase;
			buildActionMask = 2147483647;
			files = (
				903FFBBD1830BD3C005CBB66 /* XCTest.framework in Frameworks */,
				903FFBBF1830BD3C005CBB66 /* UIKit.framework in Frameworks */,
				903FFBBE1830BD3C005CBB66 /* Foundation.framework in Frameworks */,
			);
			runOnlyForDeploymentPostprocessing = 0;
		};
/* End PBXFrameworksBuildPhase section */

/* Begin PBXGroup section */
		903FFB911830BD3B005CBB66 = {
			isa = PBXGroup;
			children = (
				903FFBA31830BD3B005CBB66 /* FBGlowLabelDemo */,
				903FFBC21830BD3C005CBB66 /* FBGlowLabelDemoTests */,
				903FFB9C1830BD3B005CBB66 /* Frameworks */,
				903FFB9B1830BD3B005CBB66 /* Products */,
			);
			sourceTree = "<group>";
		};
		903FFB9B1830BD3B005CBB66 /* Products */ = {
			isa = PBXGroup;
			children = (
				903FFB9A1830BD3B005CBB66 /* FBGlowLabelDemo.app */,
				903FFBBB1830BD3C005CBB66 /* FBGlowLabelDemoTests.xctest */,
			);
			name = Products;
			sourceTree = "<group>";
		};
		903FFB9C1830BD3B005CBB66 /* Frameworks */ = {
			isa = PBXGroup;
			children = (
				903FFB9D1830BD3B005CBB66 /* Foundation.framework */,
				903FFB9F1830BD3B005CBB66 /* CoreGraphics.framework */,
				903FFBA11830BD3B005CBB66 /* UIKit.framework */,
				903FFBBC1830BD3C005CBB66 /* XCTest.framework */,
			);
			name = Frameworks;
			sourceTree = "<group>";
		};
		903FFBA31830BD3B005CBB66 /* FBGlowLabelDemo */ = {
			isa = PBXGroup;
			children = (
				903FFBAC1830BD3B005CBB66 /* FBAppDelegate.h */,
				903FFBAD1830BD3B005CBB66 /* FBAppDelegate.m */,
				903FFBAF1830BD3B005CBB66 /* Main.storyboard */,
				903FFBB21830BD3B005CBB66 /* FBViewController.h */,
				903FFBB31830BD3B005CBB66 /* FBViewController.m */,
				903FFBB51830BD3B005CBB66 /* Images.xcassets */,
				903FFBA41830BD3B005CBB66 /* Supporting Files */,
			);
			path = FBGlowLabelDemo;
			sourceTree = "<group>";
		};
		903FFBA41830BD3B005CBB66 /* Supporting Files */ = {
			isa = PBXGroup;
			children = (
				903FFBA51830BD3B005CBB66 /* FBGlowLabelDemo-Info.plist */,
				903FFBA61830BD3B005CBB66 /* InfoPlist.strings */,
				903FFBA91830BD3B005CBB66 /* main.m */,
				903FFBAB1830BD3B005CBB66 /* FBGlowLabelDemo-Prefix.pch */,
			);
			name = "Supporting Files";
			sourceTree = "<group>";
		};
		903FFBC21830BD3C005CBB66 /* FBGlowLabelDemoTests */ = {
			isa = PBXGroup;
			children = (
				903FFBC81830BD3C005CBB66 /* FBGlowLabelDemoTests.m */,
				903FFBC31830BD3C005CBB66 /* Supporting Files */,
			);
			path = FBGlowLabelDemoTests;
			sourceTree = "<group>";
		};
		903FFBC31830BD3C005CBB66 /* Supporting Files */ = {
			isa = PBXGroup;
			children = (
				903FFBC41830BD3C005CBB66 /* FBGlowLabelDemoTests-Info.plist */,
				903FFBC51830BD3C005CBB66 /* InfoPlist.strings */,
			);
			name = "Supporting Files";
			sourceTree = "<group>";
		};
/* End PBXGroup section */

/* Begin PBXNativeTarget section */
		903FFB991830BD3B005CBB66 /* FBGlowLabelDemo */ = {
			isa = PBXNativeTarget;
			buildConfigurationList = 903FFBCC1830BD3C005CBB66 /* Build configuration list for PBXNativeTarget "FBGlowLabelDemo" */;
			buildPhases = (
				903FFB961830BD3B005CBB66 /* Sources */,
				903FFB971830BD3B005CBB66 /* Frameworks */,
				903FFB981830BD3B005CBB66 /* Resources */,
			);
			buildRules = (
			);
			dependencies = (
			);
			name = FBGlowLabelDemo;
			productName = FBGlowLabelDemo;
			productReference = 903FFB9A1830BD3B005CBB66 /* FBGlowLabelDemo.app */;
			productType = "com.apple.product-type.application";
		};
		903FFBBA1830BD3C005CBB66 /* FBGlowLabelDemoTests */ = {
			isa = PBXNativeTarget;
			buildConfigurationList = 903FFBCF1830BD3C005CBB66 /* Build configuration list for PBXNativeTarget "FBGlowLabelDemoTests" */;
			buildPhases = (
				903FFBB71830BD3C005CBB66 /* Sources */,
				903FFBB81830BD3C005CBB66 /* Frameworks */,
				903FFBB91830BD3C005CBB66 /* Resources */,
			);
			buildRules = (
			);
			dependencies = (
				903FFBC11830BD3C005CBB66 /* PBXTargetDependency */,
			);
			name = FBGlowLabelDemoTests;
			productName = FBGlowLabelDemoTests;
			productReference = 903FFBBB1830BD3C005CBB66 /* FBGlowLabelDemoTests.xctest */;
			productType = "com.apple.product-type.bundle.unit-test";
		};
/* End PBXNativeTarget section */

/* Begin PBXProject section */
		903FFB921830BD3B005CBB66 /* Project object */ = {
			isa = PBXProject;
			attributes = {
				CLASSPREFIX = FB;
				LastUpgradeCheck = 0500;
				ORGANIZATIONNAME = OCTUDIO;
				TargetAttributes = {
					903FFBBA1830BD3C005CBB66 = {
						TestTargetID = 903FFB991830BD3B005CBB66;
					};
				};
			};
			buildConfigurationList = 903FFB951830BD3B005CBB66 /* Build configuration list for PBXProject "FBGlowLabelDemo" */;
			compatibilityVersion = "Xcode 3.2";
			developmentRegion = English;
			hasScannedForEncodings = 0;
			knownRegions = (
				en,
				Base,
			);
			mainGroup = 903FFB911830BD3B005CBB66;
			productRefGroup = 903FFB9B1830BD3B005CBB66 /* Products */;
			projectDirPath = "";
			projectRoot = "";
			targets = (
				903FFB991830BD3B005CBB66 /* FBGlowLabelDemo */,
				903FFBBA1830BD3C005CBB66 /* FBGlowLabelDemoTests */,
			);
		};
/* End PBXProject section */

/* Begin PBXResourcesBuildPhase section */
		903FFB981830BD3B005CBB66 /* Resources */ = {
			isa = PBXResourcesBuildPhase;
			buildActionMask = 2147483647;
			files = (
				903FFBB61830BD3B005CBB66 /* Images.xcassets in Resources */,
				903FFBA81830BD3B005CBB66 /* InfoPlist.strings in Resources */,
				903FFBB11830BD3B005CBB66 /* Main.storyboard in Resources */,
			);
			runOnlyForDeploymentPostprocessing = 0;
		};
		903FFBB91830BD3C005CBB66 /* Resources */ = {
			isa = PBXResourcesBuildPhase;
			buildActionMask = 2147483647;
			files = (
				903FFBC71830BD3C005CBB66 /* InfoPlist.strings in Resources */,
			);
			runOnlyForDeploymentPostprocessing = 0;
		};
/* End PBXResourcesBuildPhase section */

/* Begin PBXSourcesBuildPhase section */
		903FFB961830BD3B005CBB66 /* Sources */ = {
			isa = PBXSourcesBuildPhase;
			buildActionMask = 2147483647;
			files = (
				903FFBAE1830BD3B005CBB66 /* FBAppDelegate.m in Sources */,
				903FFBAA1830BD3B005CBB66 /* main.m in Sources */,
				903FFBB41830BD3B005CBB66 /* FBViewController.m in Sources */,
			);
			runOnlyForDeploymentPostprocessing = 0;
		};
		903FFBB71830BD3C005CBB66 /* Sources */ = {
			isa = PBXSourcesBuildPhase;
			buildActionMask = 2147483647;
			files = (
				903FFBC91830BD3C005CBB66 /* FBGlowLabelDemoTests.m in Sources */,
			);
			runOnlyForDeploymentPostprocessing = 0;
		};
/* End PBXSourcesBuildPhase section */

/* Begin PBXTargetDependency section */
		903FFBC11830BD3C005CBB66 /* PBXTargetDependency */ = {
			isa = PBXTargetDependency;
			target = 903FFB991830BD3B005CBB66 /* FBGlowLabelDemo */;
			targetProxy = 903FFBC01830BD3C005CBB66 /* PBXContainerItemProxy */;
		};
/* End PBXTargetDependency section */

/* Begin PBXVariantGroup section */
		903FFBA61830BD3B005CBB66 /* InfoPlist.strings */ = {
			isa = PBXVariantGroup;
			children = (
				903FFBA71830BD3B005CBB66 /* en */,
			);
			name = InfoPlist.strings;
			sourceTree = "<group>";
		};
		903FFBAF1830BD3B005CBB66 /* Main.storyboard */ = {
			isa = PBXVariantGroup;
			children = (
				903FFBB01830BD3B005CBB66 /* Base */,
			);
			name = Main.storyboard;
			sourceTree = "<group>";
		};
		903FFBC51830BD3C005CBB66 /* InfoPlist.strings */ = {
			isa = PBXVariantGroup;
			children = (
				903FFBC61830BD3C005CBB66 /* en */,
			);
			name = InfoPlist.strings;
			sourceTree = "<group>";
		};
/* End PBXVariantGroup section */

/* Begin XCBuildConfiguration section */
		903FFBCA1830BD3C005CBB66 /* Debug */ = {
			isa = XCBuildConfiguration;
			buildSettings = {
				ALWAYS_SEARCH_USER_PATHS = NO;
				ARCHS = "$(ARCHS_STANDARD_INCLUDING_64_BIT)";
				CLANG_CXX_LANGUAGE_STANDARD = "gnu++0x";
				CLANG_CXX_LIBRARY = "libc++";
				CLANG_ENABLE_MODULES = YES;
				CLANG_ENABLE_OBJC_ARC = YES;
				CLANG_WARN_BOOL_CONVERSION = YES;
				CLANG_WARN_CONSTANT_CONVERSION = YES;
				CLANG_WARN_DIRECT_OBJC_ISA_USAGE = YES_ERROR;
				CLANG_WARN_EMPTY_BODY = YES;
				CLANG_WARN_ENUM_CONVERSION = YES;
				CLANG_WARN_INT_CONVERSION = YES;
				CLANG_WARN_OBJC_ROOT_CLASS = YES_ERROR;
				CLANG_WARN__DUPLICATE_METHOD_MATCH = YES;
				"CODE_SIGN_IDENTITY[sdk=iphoneos*]" = "iPhone Developer";
				COPY_PHASE_STRIP = NO;
				GCC_C_LANGUAGE_STANDARD = gnu99;
				GCC_DYNAMIC_NO_PIC = NO;
				GCC_OPTIMIZATION_LEVEL = 0;
				GCC_PREPROCESSOR_DEFINITIONS = (
					"DEBUG=1",
					"$(inherited)",
				);
				GCC_SYMBOLS_PRIVATE_EXTERN = NO;
				GCC_WARN_64_TO_32_BIT_CONVERSION = YES;
				GCC_WARN_ABOUT_RETURN_TYPE = YES_ERROR;
				GCC_WARN_UNDECLARED_SELECTOR = YES;
				GCC_WARN_UNINITIALIZED_AUTOS = YES;
				GCC_WARN_UNUSED_FUNCTION = YES;
				GCC_WARN_UNUSED_VARIABLE = YES;
				IPHONEOS_DEPLOYMENT_TARGET = 7.0;
				ONLY_ACTIVE_ARCH = YES;
				SDKROOT = iphoneos;
			};
			name = Debug;
		};
		903FFBCB1830BD3C005CBB66 /* Release */ = {
			isa = XCBuildConfiguration;
			buildSettings = {
				ALWAYS_SEARCH_USER_PATHS = NO;
				ARCHS = "$(ARCHS_STANDARD_INCLUDING_64_BIT)";
				CLANG_CXX_LANGUAGE_STANDARD = "gnu++0x";
				CLANG_CXX_LIBRARY = "libc++";
				CLANG_ENABLE_MODULES = YES;
				CLANG_ENABLE_OBJC_ARC = YES;
				CLANG_WARN_BOOL_CONVERSION = YES;
				CLANG_WARN_CONSTANT_CONVERSION = YES;
				CLANG_WARN_DIRECT_OBJC_ISA_USAGE = YES_ERROR;
				CLANG_WARN_EMPTY_BODY = YES;
				CLANG_WARN_ENUM_CONVERSION = YES;
				CLANG_WARN_INT_CONVERSION = YES;
				CLANG_WARN_OBJC_ROOT_CLASS = YES_ERROR;
				CLANG_WARN__DUPLICATE_METHOD_MATCH = YES;
				"CODE_SIGN_IDENTITY[sdk=iphoneos*]" = "iPhone Developer";
				COPY_PHASE_STRIP = YES;
				ENABLE_NS_ASSERTIONS = NO;
				GCC_C_LANGUAGE_STANDARD = gnu99;
				GCC_WARN_64_TO_32_BIT_CONVERSION = YES;
				GCC_WARN_ABOUT_RETURN_TYPE = YES_ERROR;
				GCC_WARN_UNDECLARED_SELECTOR = YES;
				GCC_WARN_UNINITIALIZED_AUTOS = YES;
				GCC_WARN_UNUSED_FUNCTION = YES;
				GCC_WARN_UNUSED_VARIABLE = YES;
				IPHONEOS_DEPLOYMENT_TARGET = 7.0;
				SDKROOT = iphoneos;
				VALIDATE_PRODUCT = YES;
			};
			name = Release;
		};
		903FFBCD1830BD3C005CBB66 /* Debug */ = {
			isa = XCBuildConfiguration;
			buildSettings = {
				ASSETCATALOG_COMPILER_APPICON_NAME = AppIcon;
				ASSETCATALOG_COMPILER_LAUNCHIMAGE_NAME = LaunchImage;
				GCC_PRECOMPILE_PREFIX_HEADER = YES;
				GCC_PREFIX_HEADER = "FBGlowLabelDemo/FBGlowLabelDemo-Prefix.pch";
				INFOPLIST_FILE = "FBGlowLabelDemo/FBGlowLabelDemo-Info.plist";
				PRODUCT_NAME = "$(TARGET_NAME)";
				WRAPPER_EXTENSION = app;
			};
			name = Debug;
		};
		903FFBCE1830BD3C005CBB66 /* Release */ = {
			isa = XCBuildConfiguration;
			buildSettings = {
				ASSETCATALOG_COMPILER_APPICON_NAME = AppIcon;
				ASSETCATALOG_COMPILER_LAUNCHIMAGE_NAME = LaunchImage;
				GCC_PRECOMPILE_PREFIX_HEADER = YES;
				GCC_PREFIX_HEADER = "FBGlowLabelDemo/FBGlowLabelDemo-Prefix.pch";
				INFOPLIST_FILE = "FBGlowLabelDemo/FBGlowLabelDemo-Info.plist";
				PRODUCT_NAME = "$(TARGET_NAME)";
				WRAPPER_EXTENSION = app;
			};
			name = Release;
		};
		903FFBD01830BD3C005CBB66 /* Debug */ = {
			isa = XCBuildConfiguration;
			buildSettings = {
				ARCHS = "$(ARCHS_STANDARD_INCLUDING_64_BIT)";
				BUNDLE_LOADER = "$(BUILT_PRODUCTS_DIR)/FBGlowLabelDemo.app/FBGlowLabelDemo";
				FRAMEWORK_SEARCH_PATHS = (
					"$(SDKROOT)/Developer/Library/Frameworks",
					"$(inherited)",
					"$(DEVELOPER_FRAMEWORKS_DIR)",
				);
				GCC_PRECOMPILE_PREFIX_HEADER = YES;
				GCC_PREFIX_HEADER = "FBGlowLabelDemo/FBGlowLabelDemo-Prefix.pch";
				GCC_PREPROCESSOR_DEFINITIONS = (
					"DEBUG=1",
					"$(inherited)",
				);
				INFOPLIST_FILE = "FBGlowLabelDemoTests/FBGlowLabelDemoTests-Info.plist";
				PRODUCT_NAME = "$(TARGET_NAME)";
				TEST_HOST = "$(BUNDLE_LOADER)";
				WRAPPER_EXTENSION = xctest;
			};
			name = Debug;
		};
		903FFBD11830BD3C005CBB66 /* Release */ = {
			isa = XCBuildConfiguration;
			buildSettings = {
				ARCHS = "$(ARCHS_STANDARD_INCLUDING_64_BIT)";
				BUNDLE_LOADER = "$(BUILT_PRODUCTS_DIR)/FBGlowLabelDemo.app/FBGlowLabelDemo";
				FRAMEWORK_SEARCH_PATHS = (
					"$(SDKROOT)/Developer/Library/Frameworks",
					"$(inherited)",
					"$(DEVELOPER_FRAMEWORKS_DIR)",
				);
				GCC_PRECOMPILE_PREFIX_HEADER = YES;
				GCC_PREFIX_HEADER = "FBGlowLabelDemo/FBGlowLabelDemo-Prefix.pch";
				INFOPLIST_FILE = "FBGlowLabelDemoTests/FBGlowLabelDemoTests-Info.plist";
				PRODUCT_NAME = "$(TARGET_NAME)";
				TEST_HOST = "$(BUNDLE_LOADER)";
				WRAPPER_EXTENSION = xctest;
			};
			name = Release;
		};
/* End XCBuildConfiguration section */

/* Begin XCConfigurationList section */
		903FFB951830BD3B005CBB66 /* Build configuration list for PBXProject "FBGlowLabelDemo" */ = {
			isa = XCConfigurationList;
			buildConfigurations = (
				903FFBCA1830BD3C005CBB66 /* Debug */,
				903FFBCB1830BD3C005CBB66 /* Release */,
			);
			defaultConfigurationIsVisible = 0;
			defaultConfigurationName = Release;
		};
		903FFBCC1830BD3C005CBB66 /* Build configuration list for PBXNativeTarget "FBGlowLabelDemo" */ = {
			isa = XCConfigurationList;
			buildConfigurations = (
				903FFBCD1830BD3C005CBB66 /* Debug */,
				903FFBCE1830BD3C005CBB66 /* Release */,
			);
			defaultConfigurationIsVisible = 0;
		};
		903FFBCF1830BD3C005CBB66 /* Build configuration list for PBXNativeTarget "FBGlowLabelDemoTests" */ = {
			isa = XCConfigurationList;
			buildConfigurations = (
				903FFBD01830BD3C005CBB66 /* Debug */,
				903FFBD11830BD3C005CBB66 /* Release */,
			);
			defaultConfigurationIsVisible = 0;
		};
/* End XCConfigurationList section */
	};
	rootObject = 903FFB921830BD3B005CBB66 /* Project object */;
}
